
Microsoft Visual Studio Solution File, Format Version 12.00
# Visual Studio Version 17
VisualStudioVersion = 17.0.31903.59
MinimumVisualStudioVersion = 10.0.40219.1
Project("{9A19103F-16F7-4668-BE54-9A1E7A4F7556}") = "Cinema.WebApi", "Cinema.WebApi\Cinema.WebApi.csproj", "{A769E174-F355-4BFE-8D07-13F27D39412F}"
EndProject
Project("{9A19103F-16F7-4668-BE54-9A1E7A4F7556}") = "Cinema.Service", "Cinema.Service\Cinema.Service.csproj", "{050FA67D-ECFD-4681-9C5D-5622C24948AF}"
EndProject
Project("{9A19103F-16F7-4668-BE54-9A1E7A4F7556}") = "Cinema.Service.Common", "Cinema.Service.Common\Cinema.Service.Common.csproj", "{820E8C29-045B-40DC-896B-1747C78D3094}"
EndProject
Project("{9A19103F-16F7-4668-BE54-9A1E7A4F7556}") = "Cinema.Repository", "Cinema.Repository\Cinema.Repository.csproj", "{6CFB1DAD-295A-4F53-85C5-A3B474EAB9AF}"
EndProject
Project("{9A19103F-16F7-4668-BE54-9A1E7A4F7556}") = "Cinema.Repository.Common", "Cinema.Repository.Common\Cinema.Repository.Common.csproj", "{5D0BB390-E3F0-4191-9B89-1558A8BAA633}"
EndProject
Project("{9A19103F-16F7-4668-BE54-9A1E7A4F7556}") = "Cinema.Model", "Cinema.Model\Cinema.Model.csproj", "{DD227A75-8976-4872-A3B6-65821E01F0AD}"
EndProject
Project("{9A19103F-16F7-4668-BE54-9A1E7A4F7556}") = "Cinema.Common", "Cinema.Common\Cinema.Common.csproj", "{410E5215-738B-4294-B3FC-3493FF80D5C5}"
EndProject
Project("{9A19103F-16F7-4668-BE54-9A1E7A4F7556}") = "DTO", "DTO\DTO.csproj", "{D2CC40FA-504C-4E6A-8272-F2349FF25CAF}"
EndProject
Project("{9A19103F-16F7-4668-BE54-9A1E7A4F7556}") = "Cinema.Mapper", "Cinema.Mapper\Cinema.Mapper.csproj", "{18F0D283-5A69-4418-AE9F-618AE5647A48}"
EndProject
Global
	GlobalSection(SolutionConfigurationPlatforms) = preSolution
		Debug|Any CPU = Debug|Any CPU
		Release|Any CPU = Release|Any CPU
	EndGlobalSection
	GlobalSection(ProjectConfigurationPlatforms) = postSolution
		{A769E174-F355-4BFE-8D07-13F27D39412F}.Debug|Any CPU.ActiveCfg = Debug|Any CPU
		{A769E174-F355-4BFE-8D07-13F27D39412F}.Debug|Any CPU.Build.0 = Debug|Any CPU
		{A769E174-F355-4BFE-8D07-13F27D39412F}.Release|Any CPU.ActiveCfg = Release|Any CPU
		{A769E174-F355-4BFE-8D07-13F27D39412F}.Release|Any CPU.Build.0 = Release|Any CPU
		{050FA67D-ECFD-4681-9C5D-5622C24948AF}.Debug|Any CPU.ActiveCfg = Debug|Any CPU
		{050FA67D-ECFD-4681-9C5D-5622C24948AF}.Debug|Any CPU.Build.0 = Debug|Any CPU
		{050FA67D-ECFD-4681-9C5D-5622C24948AF}.Release|Any CPU.ActiveCfg = Release|Any CPU
		{050FA67D-ECFD-4681-9C5D-5622C24948AF}.Release|Any CPU.Build.0 = Release|Any CPU
		{820E8C29-045B-40DC-896B-1747C78D3094}.Debug|Any CPU.ActiveCfg = Debug|Any CPU
		{820E8C29-045B-40DC-896B-1747C78D3094}.Debug|Any CPU.Build.0 = Debug|Any CPU
		{820E8C29-045B-40DC-896B-1747C78D3094}.Release|Any CPU.ActiveCfg = Release|Any CPU
		{820E8C29-045B-40DC-896B-1747C78D3094}.Release|Any CPU.Build.0 = Release|Any CPU
		{6CFB1DAD-295A-4F53-85C5-A3B474EAB9AF}.Debug|Any CPU.ActiveCfg = Debug|Any CPU
		{6CFB1DAD-295A-4F53-85C5-A3B474EAB9AF}.Debug|Any CPU.Build.0 = Debug|Any CPU
		{6CFB1DAD-295A-4F53-85C5-A3B474EAB9AF}.Release|Any CPU.ActiveCfg = Release|Any CPU
		{6CFB1DAD-295A-4F53-85C5-A3B474EAB9AF}.Release|Any CPU.Build.0 = Release|Any CPU
		{5D0BB390-E3F0-4191-9B89-1558A8BAA633}.Debug|Any CPU.ActiveCfg = Debug|Any CPU
		{5D0BB390-E3F0-4191-9B89-1558A8BAA633}.Debug|Any CPU.Build.0 = Debug|Any CPU
		{5D0BB390-E3F0-4191-9B89-1558A8BAA633}.Release|Any CPU.ActiveCfg = Release|Any CPU
		{5D0BB390-E3F0-4191-9B89-1558A8BAA633}.Release|Any CPU.Build.0 = Release|Any CPU
		{DD227A75-8976-4872-A3B6-65821E01F0AD}.Debug|Any CPU.ActiveCfg = Debug|Any CPU
		{DD227A75-8976-4872-A3B6-65821E01F0AD}.Debug|Any CPU.Build.0 = Debug|Any CPU
		{DD227A75-8976-4872-A3B6-65821E01F0AD}.Release|Any CPU.ActiveCfg = Release|Any CPU
		{DD227A75-8976-4872-A3B6-65821E01F0AD}.Release|Any CPU.Build.0 = Release|Any CPU
		{410E5215-738B-4294-B3FC-3493FF80D5C5}.Debug|Any CPU.ActiveCfg = Debug|Any CPU
		{410E5215-738B-4294-B3FC-3493FF80D5C5}.Debug|Any CPU.Build.0 = Debug|Any CPU
		{410E5215-738B-4294-B3FC-3493FF80D5C5}.Release|Any CPU.ActiveCfg = Release|Any CPU
		{410E5215-738B-4294-B3FC-3493FF80D5C5}.Release|Any CPU.Build.0 = Release|Any CPU
		{D2CC40FA-504C-4E6A-8272-F2349FF25CAF}.Debug|Any CPU.ActiveCfg = Debug|Any CPU
		{D2CC40FA-504C-4E6A-8272-F2349FF25CAF}.Debug|Any CPU.Build.0 = Debug|Any CPU
		{D2CC40FA-504C-4E6A-8272-F2349FF25CAF}.Release|Any CPU.ActiveCfg = Release|Any CPU
		{D2CC40FA-504C-4E6A-8272-F2349FF25CAF}.Release|Any CPU.Build.0 = Release|Any CPU
		{18F0D283-5A69-4418-AE9F-618AE5647A48}.Debug|Any CPU.ActiveCfg = Debug|Any CPU
		{18F0D283-5A69-4418-AE9F-618AE5647A48}.Debug|Any CPU.Build.0 = Debug|Any CPU
		{18F0D283-5A69-4418-AE9F-618AE5647A48}.Release|Any CPU.ActiveCfg = Release|Any CPU
		{18F0D283-5A69-4418-AE9F-618AE5647A48}.Release|Any CPU.Build.0 = Release|Any CPU
	EndGlobalSection
	GlobalSection(SolutionProperties) = preSolution
		HideSolutionNode = FALSE
	EndGlobalSection
EndGlobal
